// !$*UTF8*$!
{
	archiveVersion = 1;
	classes = {
	};
	objectVersion = 56;
	objects = {

/* Begin PBXBuildFile section */
		C806ACE42A49B336002C907B /* JenaijamaisApp.swift in Sources */ = {isa = PBXBuildFile; fileRef = C806ACE32A49B336002C907B /* JenaijamaisApp.swift */; };
		C806ACE62A49B336002C907B /* ContentView.swift in Sources */ = {isa = PBXBuildFile; fileRef = C806ACE52A49B336002C907B /* ContentView.swift */; };
		C806ACE82A49B338002C907B /* Assets.xcassets in Resources */ = {isa = PBXBuildFile; fileRef = C806ACE72A49B338002C907B /* Assets.xcassets */; };
		C806ACEB2A49B338002C907B /* Preview Assets.xcassets in Resources */ = {isa = PBXBuildFile; fileRef = C806ACEA2A49B338002C907B /* Preview Assets.xcassets */; };
		C806ACF42A49B3D1002C907B /* DataBase.swift in Sources */ = {isa = PBXBuildFile; fileRef = C806ACF32A49B3D1002C907B /* DataBase.swift */; };
		C806ACF62A49B4C3002C907B /* Cartes.swift in Sources */ = {isa = PBXBuildFile; fileRef = C806ACF52A49B4C3002C907B /* Cartes.swift */; };
		C806ACF82A49BA1C002C907B /* Jamais.swift in Sources */ = {isa = PBXBuildFile; fileRef = C806ACF72A49BA1C002C907B /* Jamais.swift */; };
		C806ACFC2A49BE53002C907B /* Stop.swift in Sources */ = {isa = PBXBuildFile; fileRef = C806ACFB2A49BE53002C907B /* Stop.swift */; };
		C80F2D812A53328A002B0FC0 /* JaiDeja.swift in Sources */ = {isa = PBXBuildFile; fileRef = C80F2D802A53328A002B0FC0 /* JaiDeja.swift */; };
		C80F2D832A5332E8002B0FC0 /* BoutonDejaFait.swift in Sources */ = {isa = PBXBuildFile; fileRef = C80F2D822A5332E8002B0FC0 /* BoutonDejaFait.swift */; };
		C80F2D852A5344B1002B0FC0 /* BoutonAccueil.swift in Sources */ = {isa = PBXBuildFile; fileRef = C80F2D842A5344B1002B0FC0 /* BoutonAccueil.swift */; };
		C819FA222A4C5A5700FF57B6 /* ListeUtilisateurds.swift in Sources */ = {isa = PBXBuildFile; fileRef = C819FA212A4C5A5700FF57B6 /* ListeUtilisateurds.swift */; };
		C819FA242A4C61E400FF57B6 /* BoutonPlay.swift in Sources */ = {isa = PBXBuildFile; fileRef = C819FA232A4C61E400FF57B6 /* BoutonPlay.swift */; };
		C819FA262A4C865E00FF57B6 /* BoutonStop.swift in Sources */ = {isa = PBXBuildFile; fileRef = C819FA252A4C865E00FF57B6 /* BoutonStop.swift */; };
		C819FA282A4C869500FF57B6 /* BoutonNext.swift in Sources */ = {isa = PBXBuildFile; fileRef = C819FA272A4C869500FF57B6 /* BoutonNext.swift */; };
		C826CF2C2A81387D00D34F81 /* PetitesCartes.swift in Sources */ = {isa = PBXBuildFile; fileRef = C826CF2B2A81387D00D34F81 /* PetitesCartes.swift */; };
		C827CE222A7C5EAF005CF045 /* ChoixThemes.swift in Sources */ = {isa = PBXBuildFile; fileRef = C827CE212A7C5EAF005CF045 /* ChoixThemes.swift */; };
		C8B049D02A7A811F009C674C /* FontsCreation.swift in Sources */ = {isa = PBXBuildFile; fileRef = C8B049CF2A7A811F009C674C /* FontsCreation.swift */; };
		C8BBA0B32A7D4227002E6166 /* EduSABeginner-Regular.ttf in Resources */ = {isa = PBXBuildFile; fileRef = C8BBA0AF2A7D4226002E6166 /* EduSABeginner-Regular.ttf */; };
		C8BBA0B42A7D4227002E6166 /* EduSABeginner-SemiBold.ttf in Resources */ = {isa = PBXBuildFile; fileRef = C8BBA0B02A7D4227002E6166 /* EduSABeginner-SemiBold.ttf */; };
		C8BBA0B52A7D4227002E6166 /* EduSABeginner-Medium.ttf in Resources */ = {isa = PBXBuildFile; fileRef = C8BBA0B12A7D4227002E6166 /* EduSABeginner-Medium.ttf */; };
		C8BBA0B62A7D4227002E6166 /* EduSABeginner-Bold.ttf in Resources */ = {isa = PBXBuildFile; fileRef = C8BBA0B22A7D4227002E6166 /* EduSABeginner-Bold.ttf */; };
		C8C9A46E2A7BD1D700231ED4 /* ListeJoueurs.swift in Sources */ = {isa = PBXBuildFile; fileRef = C8C9A46D2A7BD1D700231ED4 /* ListeJoueurs.swift */; };
		C8C9A4702A7BEB4E00231ED4 /* Neonderthaw-Regular.ttf in Resources */ = {isa = PBXBuildFile; fileRef = C8C9A46F2A7BEB1F00231ED4 /* Neonderthaw-Regular.ttf */; };
		C8CE56912A4B09AC005F45C8 /* BoutonsJamais.swift in Sources */ = {isa = PBXBuildFile; fileRef = C8CE56902A4B09AC005F45C8 /* BoutonsJamais.swift */; };
		C8CE56932A4B1089005F45C8 /* Accueil.swift in Sources */ = {isa = PBXBuildFile; fileRef = C8CE56922A4B1089005F45C8 /* Accueil.swift */; };
		C8CE56952A4B2463005F45C8 /* FormulairePsedos.swift in Sources */ = {isa = PBXBuildFile; fileRef = C8CE56942A4B2463005F45C8 /* FormulairePsedos.swift */; };
/* End PBXBuildFile section */

/* Begin PBXFileReference section */
		C806ACE02A49B336002C907B /* Jenaijamais.app */ = {isa = PBXFileReference; explicitFileType = wrapper.application; includeInIndex = 0; path = Jenaijamais.app; sourceTree = BUILT_PRODUCTS_DIR; };
		C806ACE32A49B336002C907B /* JenaijamaisApp.swift */ = {isa = PBXFileReference; lastKnownFileType = sourcecode.swift; path = JenaijamaisApp.swift; sourceTree = "<group>"; };
		C806ACE52A49B336002C907B /* ContentView.swift */ = {isa = PBXFileReference; lastKnownFileType = sourcecode.swift; path = ContentView.swift; sourceTree = "<group>"; };
		C806ACE72A49B338002C907B /* Assets.xcassets */ = {isa = PBXFileReference; lastKnownFileType = folder.assetcatalog; path = Assets.xcassets; sourceTree = "<group>"; };
		C806ACEA2A49B338002C907B /* Preview Assets.xcassets */ = {isa = PBXFileReference; lastKnownFileType = folder.assetcatalog; path = "Preview Assets.xcassets"; sourceTree = "<group>"; };
		C806ACF32A49B3D1002C907B /* DataBase.swift */ = {isa = PBXFileReference; lastKnownFileType = sourcecode.swift; path = DataBase.swift; sourceTree = "<group>"; };
		C806ACF52A49B4C3002C907B /* Cartes.swift */ = {isa = PBXFileReference; lastKnownFileType = sourcecode.swift; path = Cartes.swift; sourceTree = "<group>"; };
		C806ACF72A49BA1C002C907B /* Jamais.swift */ = {isa = PBXFileReference; lastKnownFileType = sourcecode.swift; path = Jamais.swift; sourceTree = "<group>"; };
		C806ACFB2A49BE53002C907B /* Stop.swift */ = {isa = PBXFileReference; lastKnownFileType = sourcecode.swift; path = Stop.swift; sourceTree = "<group>"; };
		C80F2D802A53328A002B0FC0 /* JaiDeja.swift */ = {isa = PBXFileReference; lastKnownFileType = sourcecode.swift; path = JaiDeja.swift; sourceTree = "<group>"; };
		C80F2D822A5332E8002B0FC0 /* BoutonDejaFait.swift */ = {isa = PBXFileReference; lastKnownFileType = sourcecode.swift; path = BoutonDejaFait.swift; sourceTree = "<group>"; };
		C80F2D842A5344B1002B0FC0 /* BoutonAccueil.swift */ = {isa = PBXFileReference; lastKnownFileType = sourcecode.swift; path = BoutonAccueil.swift; sourceTree = "<group>"; };
		C819FA212A4C5A5700FF57B6 /* ListeUtilisateurds.swift */ = {isa = PBXFileReference; lastKnownFileType = sourcecode.swift; path = ListeUtilisateurds.swift; sourceTree = "<group>"; };
		C819FA232A4C61E400FF57B6 /* BoutonPlay.swift */ = {isa = PBXFileReference; lastKnownFileType = sourcecode.swift; path = BoutonPlay.swift; sourceTree = "<group>"; };
		C819FA252A4C865E00FF57B6 /* BoutonStop.swift */ = {isa = PBXFileReference; lastKnownFileType = sourcecode.swift; path = BoutonStop.swift; sourceTree = "<group>"; };
		C819FA272A4C869500FF57B6 /* BoutonNext.swift */ = {isa = PBXFileReference; lastKnownFileType = sourcecode.swift; path = BoutonNext.swift; sourceTree = "<group>"; };
		C826CF2B2A81387D00D34F81 /* PetitesCartes.swift */ = {isa = PBXFileReference; lastKnownFileType = sourcecode.swift; path = PetitesCartes.swift; sourceTree = "<group>"; };
		C827CE212A7C5EAF005CF045 /* ChoixThemes.swift */ = {isa = PBXFileReference; lastKnownFileType = sourcecode.swift; path = ChoixThemes.swift; sourceTree = "<group>"; };
		C8B049CF2A7A811F009C674C /* FontsCreation.swift */ = {isa = PBXFileReference; lastKnownFileType = sourcecode.swift; path = FontsCreation.swift; sourceTree = "<group>"; };
		C8BBA0AF2A7D4226002E6166 /* EduSABeginner-Regular.ttf */ = {isa = PBXFileReference; lastKnownFileType = file; path = "EduSABeginner-Regular.ttf"; sourceTree = "<group>"; };
		C8BBA0B02A7D4227002E6166 /* EduSABeginner-SemiBold.ttf */ = {isa = PBXFileReference; lastKnownFileType = file; path = "EduSABeginner-SemiBold.ttf"; sourceTree = "<group>"; };
		C8BBA0B12A7D4227002E6166 /* EduSABeginner-Medium.ttf */ = {isa = PBXFileReference; lastKnownFileType = file; path = "EduSABeginner-Medium.ttf"; sourceTree = "<group>"; };
		C8BBA0B22A7D4227002E6166 /* EduSABeginner-Bold.ttf */ = {isa = PBXFileReference; lastKnownFileType = file; path = "EduSABeginner-Bold.ttf"; sourceTree = "<group>"; };
		C8C9A46D2A7BD1D700231ED4 /* ListeJoueurs.swift */ = {isa = PBXFileReference; lastKnownFileType = sourcecode.swift; path = ListeJoueurs.swift; sourceTree = "<group>"; };
		C8C9A46F2A7BEB1F00231ED4 /* Neonderthaw-Regular.ttf */ = {isa = PBXFileReference; lastKnownFileType = file; path = "Neonderthaw-Regular.ttf"; sourceTree = "<group>"; };
		C8CE56902A4B09AC005F45C8 /* BoutonsJamais.swift */ = {isa = PBXFileReference; lastKnownFileType = sourcecode.swift; path = BoutonsJamais.swift; sourceTree = "<group>"; };
		C8CE56922A4B1089005F45C8 /* Accueil.swift */ = {isa = PBXFileReference; lastKnownFileType = sourcecode.swift; path = Accueil.swift; sourceTree = "<group>"; };
		C8CE56942A4B2463005F45C8 /* FormulairePsedos.swift */ = {isa = PBXFileReference; lastKnownFileType = sourcecode.swift; path = FormulairePsedos.swift; sourceTree = "<group>"; };
/* End PBXFileReference section */

/* Begin PBXFrameworksBuildPhase section */
		C806ACDD2A49B336002C907B /* Frameworks */ = {
			isa = PBXFrameworksBuildPhase;
			buildActionMask = 2147483647;
			files = (
			);
			runOnlyForDeploymentPostprocessing = 0;
		};
/* End PBXFrameworksBuildPhase section */

/* Begin PBXGroup section */
		C806ACD72A49B336002C907B = {
			isa = PBXGroup;
			children = (
				C806ACF32A49B3D1002C907B /* DataBase.swift */,
				C806ACE22A49B336002C907B /* Jenaijamais */,
				C806ACE12A49B336002C907B /* Products */,
			);
			sourceTree = "<group>";
		};
		C806ACE12A49B336002C907B /* Products */ = {
			isa = PBXGroup;
			children = (
				C806ACE02A49B336002C907B /* Jenaijamais.app */,
			);
			name = Products;
			sourceTree = "<group>";
		};
		C806ACE22A49B336002C907B /* Jenaijamais */ = {
			isa = PBXGroup;
			children = (
				C8B049CD2A7A80A5009C674C /* Fonts */,
				C806ACE32A49B336002C907B /* JenaijamaisApp.swift */,
				C806ACE52A49B336002C907B /* ContentView.swift */,
				C8CE56942A4B2463005F45C8 /* FormulairePsedos.swift */,
				C819FA212A4C5A5700FF57B6 /* ListeUtilisateurds.swift */,
				C8C9A46D2A7BD1D700231ED4 /* ListeJoueurs.swift */,
				C8CE56922A4B1089005F45C8 /* Accueil.swift */,
				C826CF2A2A81370D00D34F81 /* Componentss */,
				C806ACF52A49B4C3002C907B /* Cartes.swift */,
				C806ACF72A49BA1C002C907B /* Jamais.swift */,
				C827CE212A7C5EAF005CF045 /* ChoixThemes.swift */,
				C80F2D802A53328A002B0FC0 /* JaiDeja.swift */,
				C806ACFB2A49BE53002C907B /* Stop.swift */,
				C826CF272A8136D200D34F81 /* Buttons */,
				C806ACE72A49B338002C907B /* Assets.xcassets */,
				C806ACE92A49B338002C907B /* Preview Content */,
			);
			path = Jenaijamais;
			sourceTree = "<group>";
		};
		C806ACE92A49B338002C907B /* Preview Content */ = {
			isa = PBXGroup;
			children = (
				C806ACEA2A49B338002C907B /* Preview Assets.xcassets */,
			);
			path = "Preview Content";
			sourceTree = "<group>";
		};
		C826CF272A8136D200D34F81 /* Buttons */ = {
			isa = PBXGroup;
			children = (
				C80F2D842A5344B1002B0FC0 /* BoutonAccueil.swift */,
				C819FA252A4C865E00FF57B6 /* BoutonStop.swift */,
				C80F2D822A5332E8002B0FC0 /* BoutonDejaFait.swift */,
				C8CE56902A4B09AC005F45C8 /* BoutonsJamais.swift */,
				C819FA232A4C61E400FF57B6 /* BoutonPlay.swift */,
				C819FA272A4C869500FF57B6 /* BoutonNext.swift */,
			);
			path = Buttons;
			sourceTree = "<group>";
		};
		C826CF2A2A81370D00D34F81 /* Componentss */ = {
			isa = PBXGroup;
			children = (
				C826CF2B2A81387D00D34F81 /* PetitesCartes.swift */,
			);
			path = Componentss;
			sourceTree = "<group>";
		};
		C8B049CD2A7A80A5009C674C /* Fonts */ = {
			isa = PBXGroup;
			children = (
				C8C9A46F2A7BEB1F00231ED4 /* Neonderthaw-Regular.ttf */,
				C8BBA0B22A7D4227002E6166 /* EduSABeginner-Bold.ttf */,
				C8BBA0B12A7D4227002E6166 /* EduSABeginner-Medium.ttf */,
				C8BBA0AF2A7D4226002E6166 /* EduSABeginner-Regular.ttf */,
				C8BBA0B02A7D4227002E6166 /* EduSABeginner-SemiBold.ttf */,
				C8B049CF2A7A811F009C674C /* FontsCreation.swift */,
			);
			path = Fonts;
			sourceTree = "<group>";
		};
/* End PBXGroup section */

/* Begin PBXNativeTarget section */
		C806ACDF2A49B336002C907B /* Jenaijamais */ = {
			isa = PBXNativeTarget;
			buildConfigurationList = C806ACEE2A49B338002C907B /* Build configuration list for PBXNativeTarget "Jenaijamais" */;
			buildPhases = (
				C806ACDC2A49B336002C907B /* Sources */,
				C806ACDD2A49B336002C907B /* Frameworks */,
				C806ACDE2A49B336002C907B /* Resources */,
			);
			buildRules = (
			);
			dependencies = (
			);
			name = Jenaijamais;
			productName = Jenaijamais;
			productReference = C806ACE02A49B336002C907B /* Jenaijamais.app */;
			productType = "com.apple.product-type.application";
		};
/* End PBXNativeTarget section */

/* Begin PBXProject section */
		C806ACD82A49B336002C907B /* Project object */ = {
			isa = PBXProject;
			attributes = {
				BuildIndependentTargetsInParallel = 1;
				LastSwiftUpdateCheck = 1430;
				LastUpgradeCheck = 1430;
				TargetAttributes = {
					C806ACDF2A49B336002C907B = {
						CreatedOnToolsVersion = 14.3;
					};
				};
			};
			buildConfigurationList = C806ACDB2A49B336002C907B /* Build configuration list for PBXProject "Jenaijamais" */;
			compatibilityVersion = "Xcode 14.0";
			developmentRegion = en;
			hasScannedForEncodings = 0;
			knownRegions = (
				en,
				Base,
			);
			mainGroup = C806ACD72A49B336002C907B;
			productRefGroup = C806ACE12A49B336002C907B /* Products */;
			projectDirPath = "";
			projectRoot = "";
			targets = (
				C806ACDF2A49B336002C907B /* Jenaijamais */,
			);
		};
/* End PBXProject section */

/* Begin PBXResourcesBuildPhase section */
		C806ACDE2A49B336002C907B /* Resources */ = {
			isa = PBXResourcesBuildPhase;
			buildActionMask = 2147483647;
			files = (
				C8BBA0B52A7D4227002E6166 /* EduSABeginner-Medium.ttf in Resources */,
				C8BBA0B32A7D4227002E6166 /* EduSABeginner-Regular.ttf in Resources */,
				C8BBA0B62A7D4227002E6166 /* EduSABeginner-Bold.ttf in Resources */,
				C8BBA0B42A7D4227002E6166 /* EduSABeginner-SemiBold.ttf in Resources */,
				C8C9A4702A7BEB4E00231ED4 /* Neonderthaw-Regular.ttf in Resources */,
				C806ACEB2A49B338002C907B /* Preview Assets.xcassets in Resources */,
				C806ACE82A49B338002C907B /* Assets.xcassets in Resources */,
			);
			runOnlyForDeploymentPostprocessing = 0;
		};
/* End PBXResourcesBuildPhase section */

/* Begin PBXSourcesBuildPhase section */
		C806ACDC2A49B336002C907B /* Sources */ = {
			isa = PBXSourcesBuildPhase;
			buildActionMask = 2147483647;
			files = (
				C80F2D812A53328A002B0FC0 /* JaiDeja.swift in Sources */,
				C8CE56932A4B1089005F45C8 /* Accueil.swift in Sources */,
				C806ACFC2A49BE53002C907B /* Stop.swift in Sources */,
				C8C9A46E2A7BD1D700231ED4 /* ListeJoueurs.swift in Sources */,
				C819FA222A4C5A5700FF57B6 /* ListeUtilisateurds.swift in Sources */,
				C8B049D02A7A811F009C674C /* FontsCreation.swift in Sources */,
				C827CE222A7C5EAF005CF045 /* ChoixThemes.swift in Sources */,
				C8CE56912A4B09AC005F45C8 /* BoutonsJamais.swift in Sources */,
				C806ACE62A49B336002C907B /* ContentView.swift in Sources */,
				C806ACF62A49B4C3002C907B /* Cartes.swift in Sources */,
				C819FA262A4C865E00FF57B6 /* BoutonStop.swift in Sources */,
				C819FA242A4C61E400FF57B6 /* BoutonPlay.swift in Sources */,
				C819FA282A4C869500FF57B6 /* BoutonNext.swift in Sources */,
				C806ACF42A49B3D1002C907B /* DataBase.swift in Sources */,
				C80F2D852A5344B1002B0FC0 /* BoutonAccueil.swift in Sources */,
				C8CE56952A4B2463005F45C8 /* FormulairePsedos.swift in Sources */,
				C806ACF82A49BA1C002C907B /* Jamais.swift in Sources */,
				C80F2D832A5332E8002B0FC0 /* BoutonDejaFait.swift in Sources */,
				C826CF2C2A81387D00D34F81 /* PetitesCartes.swift in Sources */,
				C806ACE42A49B336002C907B /* JenaijamaisApp.swift in Sources */,
			);
			runOnlyForDeploymentPostprocessing = 0;
		};
/* End PBXSourcesBuildPhase section */

/* Begin XCBuildConfiguration section */
		C806ACEC2A49B338002C907B /* Debug */ = {
			isa = XCBuildConfiguration;
			buildSettings = {
				ALWAYS_SEARCH_USER_PATHS = NO;
				CLANG_ANALYZER_NONNULL = YES;
				CLANG_ANALYZER_NUMBER_OBJECT_CONVERSION = YES_AGGRESSIVE;
				CLANG_CXX_LANGUAGE_STANDARD = "gnu++20";
				CLANG_ENABLE_MODULES = YES;
				CLANG_ENABLE_OBJC_ARC = YES;
				CLANG_ENABLE_OBJC_WEAK = YES;
				CLANG_WARN_BLOCK_CAPTURE_AUTORELEASING = YES;
				CLANG_WARN_BOOL_CONVERSION = YES;
				CLANG_WARN_COMMA = YES;
				CLANG_WARN_CONSTANT_CONVERSION = YES;
				CLANG_WARN_DEPRECATED_OBJC_IMPLEMENTATIONS = YES;
				CLANG_WARN_DIRECT_OBJC_ISA_USAGE = YES_ERROR;
				CLANG_WARN_DOCUMENTATION_COMMENTS = YES;
				CLANG_WARN_EMPTY_BODY = YES;
				CLANG_WARN_ENUM_CONVERSION = YES;
				CLANG_WARN_INFINITE_RECURSION = YES;
				CLANG_WARN_INT_CONVERSION = YES;
				CLANG_WARN_NON_LITERAL_NULL_CONVERSION = YES;
				CLANG_WARN_OBJC_IMPLICIT_RETAIN_SELF = YES;
				CLANG_WARN_OBJC_LITERAL_CONVERSION = YES;
				CLANG_WARN_OBJC_ROOT_CLASS = YES_ERROR;
				CLANG_WARN_QUOTED_INCLUDE_IN_FRAMEWORK_HEADER = YES;
				CLANG_WARN_RANGE_LOOP_ANALYSIS = YES;
				CLANG_WARN_STRICT_PROTOTYPES = YES;
				CLANG_WARN_SUSPICIOUS_MOVE = YES;
				CLANG_WARN_UNGUARDED_AVAILABILITY = YES_AGGRESSIVE;
				CLANG_WARN_UNREACHABLE_CODE = YES;
				CLANG_WARN__DUPLICATE_METHOD_MATCH = YES;
				COPY_PHASE_STRIP = NO;
				DEBUG_INFORMATION_FORMAT = dwarf;
				ENABLE_STRICT_OBJC_MSGSEND = YES;
				ENABLE_TESTABILITY = YES;
				GCC_C_LANGUAGE_STANDARD = gnu11;
				GCC_DYNAMIC_NO_PIC = NO;
				GCC_NO_COMMON_BLOCKS = YES;
				GCC_OPTIMIZATION_LEVEL = 0;
				GCC_PREPROCESSOR_DEFINITIONS = (
					"DEBUG=1",
					"$(inherited)",
				);
				GCC_WARN_64_TO_32_BIT_CONVERSION = YES;
				GCC_WARN_ABOUT_RETURN_TYPE = YES_ERROR;
				GCC_WARN_UNDECLARED_SELECTOR = YES;
				GCC_WARN_UNINITIALIZED_AUTOS = YES_AGGRESSIVE;
				GCC_WARN_UNUSED_FUNCTION = YES;
				GCC_WARN_UNUSED_VARIABLE = YES;
				IPHONEOS_DEPLOYMENT_TARGET = 16.4;
				MTL_ENABLE_DEBUG_INFO = INCLUDE_SOURCE;
				MTL_FAST_MATH = YES;
				ONLY_ACTIVE_ARCH = YES;
				SDKROOT = iphoneos;
				SWIFT_ACTIVE_COMPILATION_CONDITIONS = DEBUG;
				SWIFT_OPTIMIZATION_LEVEL = "-Onone";
			};
			name = Debug;
		};
		C806ACED2A49B338002C907B /* Release */ = {
			isa = XCBuildConfiguration;
			buildSettings = {
				ALWAYS_SEARCH_USER_PATHS = NO;
				CLANG_ANALYZER_NONNULL = YES;
				CLANG_ANALYZER_NUMBER_OBJECT_CONVERSION = YES_AGGRESSIVE;
				CLANG_CXX_LANGUAGE_STANDARD = "gnu++20";
				CLANG_ENABLE_MODULES = YES;
				CLANG_ENABLE_OBJC_ARC = YES;
				CLANG_ENABLE_OBJC_WEAK = YES;
				CLANG_WARN_BLOCK_CAPTURE_AUTORELEASING = YES;
				CLANG_WARN_BOOL_CONVERSION = YES;
				CLANG_WARN_COMMA = YES;
				CLANG_WARN_CONSTANT_CONVERSION = YES;
				CLANG_WARN_DEPRECATED_OBJC_IMPLEMENTATIONS = YES;
				CLANG_WARN_DIRECT_OBJC_ISA_USAGE = YES_ERROR;
				CLANG_WARN_DOCUMENTATION_COMMENTS = YES;
				CLANG_WARN_EMPTY_BODY = YES;
				CLANG_WARN_ENUM_CONVERSION = YES;
				CLANG_WARN_INFINITE_RECURSION = YES;
				CLANG_WARN_INT_CONVERSION = YES;
				CLANG_WARN_NON_LITERAL_NULL_CONVERSION = YES;
				CLANG_WARN_OBJC_IMPLICIT_RETAIN_SELF = YES;
				CLANG_WARN_OBJC_LITERAL_CONVERSION = YES;
				CLANG_WARN_OBJC_ROOT_CLASS = YES_ERROR;
				CLANG_WARN_QUOTED_INCLUDE_IN_FRAMEWORK_HEADER = YES;
				CLANG_WARN_RANGE_LOOP_ANALYSIS = YES;
				CLANG_WARN_STRICT_PROTOTYPES = YES;
				CLANG_WARN_SUSPICIOUS_MOVE = YES;
				CLANG_WARN_UNGUARDED_AVAILABILITY = YES_AGGRESSIVE;
				CLANG_WARN_UNREACHABLE_CODE = YES;
				CLANG_WARN__DUPLICATE_METHOD_MATCH = YES;
				COPY_PHASE_STRIP = NO;
				DEBUG_INFORMATION_FORMAT = "dwarf-with-dsym";
				ENABLE_NS_ASSERTIONS = NO;
				ENABLE_STRICT_OBJC_MSGSEND = YES;
				GCC_C_LANGUAGE_STANDARD = gnu11;
				GCC_NO_COMMON_BLOCKS = YES;
				GCC_WARN_64_TO_32_BIT_CONVERSION = YES;
				GCC_WARN_ABOUT_RETURN_TYPE = YES_ERROR;
				GCC_WARN_UNDECLARED_SELECTOR = YES;
				GCC_WARN_UNINITIALIZED_AUTOS = YES_AGGRESSIVE;
				GCC_WARN_UNUSED_FUNCTION = YES;
				GCC_WARN_UNUSED_VARIABLE = YES;
				IPHONEOS_DEPLOYMENT_TARGET = 16.4;
				MTL_ENABLE_DEBUG_INFO = NO;
				MTL_FAST_MATH = YES;
				SDKROOT = iphoneos;
				SWIFT_COMPILATION_MODE = wholemodule;
				SWIFT_OPTIMIZATION_LEVEL = "-O";
				VALIDATE_PRODUCT = YES;
			};
			name = Release;
		};
		C806ACEF2A49B338002C907B /* Debug */ = {
			isa = XCBuildConfiguration;
			buildSettings = {
				ASSETCATALOG_COMPILER_APPICON_NAME = AppIcon;
				ASSETCATALOG_COMPILER_GLOBAL_ACCENT_COLOR_NAME = AccentColor;
				CODE_SIGN_STYLE = Automatic;
				CURRENT_PROJECT_VERSION = 1;
				DEVELOPMENT_ASSET_PATHS = "\"Jenaijamais/Preview Content\"";
				DEVELOPMENT_TEAM = CJCGG2B2V5;
				ENABLE_PREVIEWS = YES;
				GENERATE_INFOPLIST_FILE = YES;
				INFOPLIST_FILE = Jenaijamais/Info.plist;
				INFOPLIST_KEY_CFBundleDisplayName = "Drunk Party";
				INFOPLIST_KEY_UIApplicationSceneManifest_Generation = YES;
				INFOPLIST_KEY_UIApplicationSupportsIndirectInputEvents = YES;
				INFOPLIST_KEY_UISupportedInterfaceOrientations = "UIInterfaceOrientationPortrait UIInterfaceOrientationPortraitUpsideDown";
				INFOPLIST_KEY_UISupportedInterfaceOrientations_iPad = "UIInterfaceOrientationPortrait UIInterfaceOrientationPortraitUpsideDown";
				IPHONEOS_DEPLOYMENT_TARGET = 16.0;
				LD_RUNPATH_SEARCH_PATHS = (
					"$(inherited)",
					"@executable_path/Frameworks",
				);
				MARKETING_VERSION = 1.0;
				PRODUCT_BUNDLE_IDENTIFIER = com.cindoushka.Jenaijamais;
				PRODUCT_NAME = "$(TARGET_NAME)";
				SWIFT_EMIT_LOC_STRINGS = YES;
				SWIFT_VERSION = 5.0;
				TARGETED_DEVICE_FAMILY = "1,2";
			};
			name = Debug;
		};
		C806ACF02A49B338002C907B /* Release */ = {
			isa = XCBuildConfiguration;
			buildSettings = {
				ASSETCATALOG_COMPILER_APPICON_NAME = AppIcon;
				ASSETCATALOG_COMPILER_GLOBAL_ACCENT_COLOR_NAME = AccentColor;
				CODE_SIGN_STYLE = Automatic;
				CURRENT_PROJECT_VERSION = 1;
				DEVELOPMENT_ASSET_PATHS = "\"Jenaijamais/Preview Content\"";
				DEVELOPMENT_TEAM = CJCGG2B2V5;
				ENABLE_PREVIEWS = YES;
				GENERATE_INFOPLIST_FILE = YES;
				INFOPLIST_FILE = Jenaijamais/Info.plist;
				INFOPLIST_KEY_CFBundleDisplayName = "Drunk Party";
				INFOPLIST_KEY_UIApplicationSceneManifest_Generation = YES;
				INFOPLIST_KEY_UIApplicationSupportsIndirectInputEvents = YES;
				INFOPLIST_KEY_UISupportedInterfaceOrientations = "UIInterfaceOrientationPortrait UIInterfaceOrientationPortraitUpsideDown";
				INFOPLIST_KEY_UISupportedInterfaceOrientations_iPad = "UIInterfaceOrientationPortrait UIInterfaceOrientationPortraitUpsideDown";
				IPHONEOS_DEPLOYMENT_TARGET = 16.0;
				LD_RUNPATH_SEARCH_PATHS = (
					"$(inherited)",
					"@executable_path/Frameworks",
				);
				MARKETING_VERSION = 1.0;
				PRODUCT_BUNDLE_IDENTIFIER = com.cindoushka.Jenaijamais;
				PRODUCT_NAME = "$(TARGET_NAME)";
				SWIFT_EMIT_LOC_STRINGS = YES;
				SWIFT_VERSION = 5.0;
				TARGETED_DEVICE_FAMILY = "1,2";
			};
			name = Release;
		};
/* End XCBuildConfiguration section */

/* Begin XCConfigurationList section */
		C806ACDB2A49B336002C907B /* Build configuration list for PBXProject "Jenaijamais" */ = {
			isa = XCConfigurationList;
			buildConfigurations = (
				C806ACEC2A49B338002C907B /* Debug */,
				C806ACED2A49B338002C907B /* Release */,
			);
			defaultConfigurationIsVisible = 0;
			defaultConfigurationName = Release;
		};
		C806ACEE2A49B338002C907B /* Build configuration list for PBXNativeTarget "Jenaijamais" */ = {
			isa = XCConfigurationList;
			buildConfigurations = (
				C806ACEF2A49B338002C907B /* Debug */,
				C806ACF02A49B338002C907B /* Release */,
			);
			defaultConfigurationIsVisible = 0;
			defaultConfigurationName = Release;
		};
/* End XCConfigurationList section */
	};
	rootObject = C806ACD82A49B336002C907B /* Project object */;
}
